#MicroXplorer Configuration settings - do not modify
Mcu.Family=STM32F1
ProjectManager.MainLocation=Core/Src
RCC.MCOFreq_Value=64000000
PB13.GPIOParameters=GPIO_PuPd
I2C2.IPParameters=I2C_Mode,OwnAddress,ClockSpeed
ProjectManager.KeepUserCode=true
Mcu.UserName=STM32F103CBTx
SPI1.VirtualType=VM_MASTER
Dma.I2C2_TX.0.Priority=DMA_PRIORITY_LOW
PB10.Mode=I2C
SH.GPXTI9.0=GPIO_EXTI9
PA10.GPIO_PuPd=GPIO_NOPULL
USART1.BaudRate=31250
SH.GPXTI14.0=GPIO_EXTI14
RCC.PLLCLKFreq_Value=64000000
ProjectManager.functionlistsort=1-MX_GPIO_Init-GPIO-false-HAL-true,2-MX_DMA_Init-DMA-false-HAL-true,3-SystemClock_Config-RCC-false-HAL-false,4-MX_USART1_UART_Init-USART1-false-HAL-true,5-MX_TIM2_Init-TIM2-false-HAL-true,6-MX_SPI1_Init-SPI1-false-HAL-true,7-MX_I2C2_Init-I2C2-false-HAL-true
NVIC.EXTI3_IRQn=true\:1\:0\:true\:false\:true\:true\:true
RCC.ADCFreqValue=32000000
PB3.GPIO_ModeDefaultEXTI=GPIO_MODE_IT_FALLING
USART1.IPParameters=VirtualMode,Mode,BaudRate
PB11.Signal=I2C2_SDA
PB13.Signal=GPIO_Input
PB15.Signal=GPIO_Input
PinOutPanel.RotationAngle=0
RCC.SYSCLKSource=RCC_SYSCLKSOURCE_PLLCLK
ProjectManager.StackSize=0x400
PB5.GPIOParameters=GPIO_PuPd,GPIO_ModeDefaultEXTI
Mcu.IP4=SPI1
SH.GPXTI7.ConfNb=1
RCC.FCLKCortexFreq_Value=64000000
Mcu.IP5=SYS
Mcu.IP2=NVIC
NVIC.SVCall_IRQn=true\:0\:0\:false\:false\:true\:false\:false
Mcu.IP3=RCC
PB4.GPIOParameters=GPIO_PuPd
Mcu.IP0=DMA
Mcu.IP1=I2C2
SH.GPXTI3.ConfNb=1
Mcu.UserConstants=
Mcu.ThirdPartyNb=0
SPI1.Direction=SPI_DIRECTION_2LINES
RCC.HCLKFreq_Value=64000000
Mcu.IPNb=8
TIM2.IPParameters=Period,AutoReloadPreload,Prescaler
ProjectManager.PreviousToolchain=
RCC.APB2TimFreq_Value=64000000
Dma.I2C2_TX.0.MemDataAlignment=DMA_MDATAALIGN_BYTE
PB6.Signal=GPIO_Input
SPI1.CalculateBaudRate=16.0 MBits/s
Mcu.Pin6=PB13
Mcu.Pin7=PB14
VP_TIM2_VS_ClockSourceINT.Signal=TIM2_VS_ClockSourceINT
Mcu.Pin8=PB15
Mcu.Pin9=PA9
RCC.AHBFreq_Value=64000000
PB13.Locked=true
Mcu.Pin0=PA4
Mcu.Pin1=PA5
GPIO.groupedBy=Group By Peripherals
Mcu.Pin2=PA7
Mcu.Pin3=PB10
Mcu.Pin4=PB11
NVIC.EXTI15_10_IRQn=true\:1\:0\:true\:false\:true\:true\:true
Mcu.Pin5=PB12
ProjectManager.ProjectBuild=false
NVIC.UsageFault_IRQn=true\:0\:0\:false\:false\:true\:false\:false
NVIC.DebugMonitor_IRQn=true\:0\:0\:false\:false\:true\:false\:false
PA4.Locked=true
NVIC.SysTick_IRQn=true\:0\:0\:false\:false\:true\:false\:true
SH.GPXTI12.0=GPIO_EXTI12
RCC.PLLMUL=RCC_PLL_MUL16
SH.GPXTI7.0=GPIO_EXTI7
ProjectManager.FirmwarePackage=STM32Cube FW_F1 V1.8.4
MxDb.Version=DB.6.0.20
PB3.GPIO_PuPd=GPIO_PULLUP
ProjectManager.BackupPrevious=false
PA14.Mode=Serial_Wire
NVIC.TIM2_IRQn=true\:2\:0\:true\:false\:true\:true\:true
SPI1.DataSize=SPI_DATASIZE_16BIT
File.Version=6
PB3.GPIOParameters=GPIO_PuPd,GPIO_ModeDefaultEXTI
PB7.Signal=GPXTI7
PB8.Locked=true
PB6.Locked=true
NVIC.PendSV_IRQn=true\:0\:0\:false\:false\:true\:false\:false
Dma.RequestsNb=1
PB6.GPIOParameters=GPIO_PuPd
ProjectManager.HalAssertFull=false
ProjectManager.ProjectName=fm_synth
RCC.PLLMCOFreq_Value=32000000
Mcu.Package=LQFP48
PB9.Signal=GPXTI9
TIM2.Prescaler=0
PB14.GPIO_PuPd=GPIO_PULLUP
PB15.GPIO_PuPd=GPIO_PULLUP
SH.GPXTI8.0=GPIO_EXTI8
ProjectManager.ToolChainLocation=
VP_SYS_VS_Systick.Signal=SYS_VS_Systick
SH.GPXTI8.ConfNb=1
SH.GPXTI5.ConfNb=1
PA10.Signal=USART1_RX
Dma.I2C2_TX.0.Direction=DMA_MEMORY_TO_PERIPH
PB14.GPIOParameters=GPIO_PuPd,GPIO_ModeDefaultEXTI
SH.GPXTI14.ConfNb=1
RCC.APB1TimFreq_Value=64000000
NVIC.BusFault_IRQn=true\:0\:0\:false\:false\:true\:false\:false
NVIC.DMA1_Channel4_IRQn=true\:1\:0\:true\:false\:true\:false\:true
NVIC.USART1_IRQn=true\:0\:0\:true\:false\:true\:true\:true
Dma.Request0=I2C2_TX
SPI1.BaudRatePrescaler=SPI_BAUDRATEPRESCALER_4
I2C2.I2C_Mode=I2C_Standard
ProjectManager.CustomerFirmwarePackage=
PB15.Locked=true
PB3.Locked=true
PB4.Signal=GPIO_Input
PA5.Mode=TX_Only_Simplex_Unidirect_Master
PB5.GPIO_ModeDefaultEXTI=GPIO_MODE_IT_FALLING
PB14.GPIO_ModeDefaultEXTI=GPIO_MODE_IT_FALLING
SH.GPXTI5.0=GPIO_EXTI5
ProjectManager.ProjectFileName=fm_synth.ioc
Dma.I2C2_TX.0.Mode=DMA_NORMAL
PA7.Mode=TX_Only_Simplex_Unidirect_Master
Mcu.PinsNb=22
PA10.Mode=Asynchronous
ProjectManager.NoMain=false
SPI1.IPParameters=VirtualType,Mode,Direction,CalculateBaudRate,DataSize,BaudRatePrescaler
PB6.GPIO_PuPd=GPIO_PULLUP
ProjectManager.DefaultFWLocation=true
PB12.Locked=true
ProjectManager.DeletePrevious=true
Dma.I2C2_TX.0.PeriphInc=DMA_PINC_DISABLE
PB14.Locked=true
RCC.APB1CLKDivider=RCC_HCLK_DIV2
RCC.FamilyName=M
Dma.I2C2_TX.0.RequestParameters=Instance,Direction,PeriphInc,MemInc,PeriphDataAlignment,MemDataAlignment,Mode,Priority
I2C2.OwnAddress=0x0
PA13.Signal=SYS_JTMS-SWDIO
PA9.Mode=Asynchronous
PA4.PinState=GPIO_PIN_SET
PB11.Mode=I2C
ProjectManager.TargetToolchain=STM32CubeIDE
PA9.Signal=USART1_TX
SH.GPXTI12.ConfNb=1
PB5.Locked=true
PB9.Locked=true
PB4.GPIO_PuPd=GPIO_PULLUP
ProjectManager.RegisterCallBack=
RCC.USBFreq_Value=64000000
PB10.Signal=I2C2_SCL
PB14.Signal=GPXTI14
PA5.Signal=SPI1_SCK
board=custom
SH.GPXTI3.0=GPIO_EXTI3
ProjectManager.LastFirmware=true
PB13.GPIO_PuPd=GPIO_PULLUP
RCC.APB2Freq_Value=64000000
MxCube.Version=6.2.0
USART1.Mode=MODE_RX
VP_TIM2_VS_ClockSourceINT.Mode=Internal
SPI1.Mode=SPI_MODE_MASTER
Dma.I2C2_TX.0.Instance=DMA1_Channel4
I2C2.ClockSpeed=10000
PA10.GPIOParameters=GPIO_PuPd
VP_SYS_VS_Systick.Mode=SysTick
NVIC.NonMaskableInt_IRQn=true\:0\:0\:false\:false\:true\:false\:false
PA4.GPIOParameters=PinState
TIM2.Period=1451-1
PB15.GPIOParameters=GPIO_PuPd
PA13.Mode=Serial_Wire
ProjectManager.FreePins=false
RCC.IPParameters=ADCFreqValue,AHBFreq_Value,APB1CLKDivider,APB1Freq_Value,APB1TimFreq_Value,APB2Freq_Value,APB2TimFreq_Value,FCLKCortexFreq_Value,FamilyName,HCLKFreq_Value,MCOFreq_Value,PLLCLKFreq_Value,PLLMCOFreq_Value,PLLMUL,SYSCLKFreq_VALUE,SYSCLKSource,TimSysFreq_Value,USBFreq_Value
ProjectManager.AskForMigrate=true
Mcu.Name=STM32F103C(8-B)Tx
ProjectManager.UnderRoot=true
Mcu.IP6=TIM2
Mcu.IP7=USART1
ProjectManager.CoupleFile=false
PB4.Locked=true
PB3.Signal=GPXTI3
PA4.Signal=GPIO_Output
RCC.SYSCLKFreq_VALUE=64000000
PB5.Signal=GPXTI5
RCC.TimSysFreq_Value=64000000
Mcu.Pin20=VP_SYS_VS_Systick
Mcu.Pin21=VP_TIM2_VS_ClockSourceINT
PA10.Locked=true
NVIC.ForceEnableDMAVector=true
KeepUserPlacement=false
PB5.GPIO_PuPd=GPIO_PULLUP
NVIC.MemoryManagement_IRQn=true\:0\:0\:true\:false\:true\:false\:false
USART1.VirtualMode=VM_ASYNC
ProjectManager.CompilerOptimize=6
SH.GPXTI9.ConfNb=1
NVIC.EXTI9_5_IRQn=true\:1\:0\:true\:false\:true\:true\:true
PA14.Signal=SYS_JTCK-SWCLK
ProjectManager.HeapSize=0x200
Mcu.Pin15=PB5
NVIC.HardFault_IRQn=true\:0\:0\:false\:false\:true\:false\:false
Mcu.Pin16=PB6
Mcu.Pin13=PB3
Mcu.Pin14=PB4
Mcu.Pin19=PB9
PB12.GPIO_ModeDefaultEXTI=GPIO_MODE_IT_FALLING
ProjectManager.ComputerToolchain=false
Mcu.Pin17=PB7
NVIC.I2C2_EV_IRQn=true\:1\:0\:true\:false\:true\:true\:true
Mcu.Pin18=PB8
NVIC.PriorityGroup=NVIC_PRIORITYGROUP_4
Mcu.Pin11=PA13
Mcu.Pin12=PA14
Mcu.Pin10=PA10
Dma.I2C2_TX.0.PeriphDataAlignment=DMA_PDATAALIGN_BYTE
PB7.Locked=true
PB8.Signal=GPXTI8
TIM2.AutoReloadPreload=TIM_AUTORELOAD_PRELOAD_DISABLE
Dma.I2C2_TX.0.MemInc=DMA_MINC_ENABLE
PB12.GPIO_PuPd=GPIO_PULLUP
RCC.APB1Freq_Value=32000000
ProjectManager.DeviceId=STM32F103CBTx
PB12.GPIOParameters=GPIO_PuPd,GPIO_ModeDefaultEXTI
PB12.Signal=GPXTI12
ProjectManager.LibraryCopy=1
PA7.Signal=SPI1_MOSI
isbadioc=false
